lockfileVersion: '9.0'

settings:
  autoInstallPeers: true
  excludeLinksFromLockfile: false

importers:

  .:
    dependencies:
      better-sqlite3:
        specifier: ^11.5.0
        version: 11.5.0
      dotenv:
        specifier: ^16.4.5
        version: 16.4.5
      feed:
        specifier: ^4.2.2
        version: 4.2.2
      fsxt:
        specifier: '15'
        version: 15.2.0
      kysely:
        specifier: ^0.27.4
        version: 0.27.4
      ts-command-line-args:
        specifier: ^2.5.1
        version: 2.5.1
    devDependencies:
      '@types/better-sqlite3':
        specifier: ^7.6.11
        version: 7.6.11
      kysely-codegen:
        specifier: ^0.17.0
        version: 0.17.0(better-sqlite3@11.5.0)(kysely@0.27.4)

packages:

  '@types/better-sqlite3@7.6.11':
    resolution: {integrity: sha512-i8KcD3PgGtGBLl3+mMYA8PdKkButvPyARxA7IQAd6qeslht13qxb1zzO8dRCtE7U3IoJS782zDBAeoKiM695kg==}

  '@types/node@22.8.1':
    resolution: {integrity: sha512-k6Gi8Yyo8EtrNtkHXutUu2corfDf9su95VYVP10aGYMMROM6SAItZi0w1XszA6RtWTHSVp5OeFof37w0IEqCQg==}

  ansi-styles@3.2.1:
    resolution: {integrity: sha512-VT0ZI6kZRdTh8YyJw3SMbYm/u+NqfsAxEpWO0Pf9sq8/e94WxxOpPKx9FR1FlyCtOVDNOQ+8ntlqFxiRc+r5qA==}
    engines: {node: '>=4'}

  ansi-styles@4.3.0:
    resolution: {integrity: sha512-zbB9rCJAT1rbjiVDb2hqKFHNYLxgtk8NURxZ3IZwD3F6NtxbXZQCnnSi1Lkx+IDohdPlFp222wVALIheZJQSEg==}
    engines: {node: '>=8'}

  array-back@3.1.0:
    resolution: {integrity: sha512-TkuxA4UCOvxuDK6NZYXCalszEzj+TLszyASooky+i742l9TqsOdYCMJJupxRic61hwquNtppB3hgcuq9SVSH1Q==}
    engines: {node: '>=6'}

  array-back@4.0.2:
    resolution: {integrity: sha512-NbdMezxqf94cnNfWLL7V/im0Ub+Anbb0IoZhvzie8+4HJ4nMQuzHuy49FkGYCJK2yAloZ3meiB6AVMClbrI1vg==}
    engines: {node: '>=8'}

  balanced-match@1.0.2:
    resolution: {integrity: sha512-3oSeUO0TMV67hN1AmbXsK4yaqU7tjiHlbxRDZOpH0KW9+CeX4bRAaX0Anxt0tx2MrpRpWwQaPwIlISEJhYU5Pw==}

  base64-js@1.5.1:
    resolution: {integrity: sha512-AKpaYlHn8t4SVbOHCy+b5+KKgvR4vrsD8vbvrbiQJps7fKDTkjkDry6ji0rUJjC0kzbNePLwzxq8iypo41qeWA==}

  better-sqlite3@11.5.0:
    resolution: {integrity: sha512-e/6eggfOutzoK0JWiU36jsisdWoHOfN9iWiW/SieKvb7SAa6aGNmBM/UKyp+/wWSXpLlWNN8tCPwoDNPhzUvuQ==}

  bindings@1.5.0:
    resolution: {integrity: sha512-p2q/t/mhvuOj/UeLlV6566GD/guowlr0hHxClI0W9m7MWYkL1F0hLo+0Aexs9HSPCtR1SXQ0TD3MMKrXZajbiQ==}

  bl@4.1.0:
    resolution: {integrity: sha512-1W07cM9gS6DcLperZfFSj+bWLtaPGSOHWhPiGzXmvVJbRLdG82sH/Kn8EtW1VqWVA54AKf2h5k5BbnIbwF3h6w==}

  brace-expansion@1.1.11:
    resolution: {integrity: sha512-iCuPHDFgrHX7H2vEI/5xpz07zSHB00TpugqhmYtVmMO6518mCuRMoOYFldEBl0g187ufozdaHgWKcYFb61qGiA==}

  braces@3.0.3:
    resolution: {integrity: sha512-yQbXgO/OSZVD2IsiLlro+7Hf6Q18EJrKSEsdoMzKePKXct3gvD8oLcOQdIzGupr5Fj+EDe8gO/lxc1BzfMpxvA==}
    engines: {node: '>=8'}

  buffer@5.7.1:
    resolution: {integrity: sha512-EHcyIPBQ4BSGlvjB16k5KgAJ27CIsHY/2JBmCRReo48y9rQ3MaUzWX3KVlBa4U7MyX02HdVj0K7C3WaB3ju7FQ==}

  chalk@2.4.2:
    resolution: {integrity: sha512-Mti+f9lpJNcwF4tWV8/OrTTtF1gZi+f8FqlyAdouralcFWFQWF2+NgCHShjkCb+IFBLq9buZwE1xckQU4peSuQ==}
    engines: {node: '>=4'}

  chalk@4.1.2:
    resolution: {integrity: sha512-oKnbhFyRIXpUuez8iBMmyEa4nbj4IOQyuhc/wy9kY7/WVPcwIO9VA668Pu8RkO7+0G76SLROeyw9CpQ061i4mA==}
    engines: {node: '>=10'}

  chownr@1.1.4:
    resolution: {integrity: sha512-jJ0bqzaylmJtVnNgzTeSOs8DPavpbYgEr/b0YL8/2GO3xJEhInFmhKMUnEJQjZumK7KXGFhUy89PrsJWlakBVg==}

  color-convert@1.9.3:
    resolution: {integrity: sha512-QfAUtd+vFdAtFQcC8CCyYt1fYWxSqAiK2cSD6zDB8N3cpsEBAvRxp9zOGg6G/SHHJYAT88/az/IuDGALsNVbGg==}

  color-convert@2.0.1:
    resolution: {integrity: sha512-RRECPsj7iu/xb5oKYcsFHSppFNnsj/52OVTRKb4zP5onXwVF3zVmmToNcOfGC+CRDpfK/U584fMg38ZHCaElKQ==}
    engines: {node: '>=7.0.0'}

  color-name@1.1.3:
    resolution: {integrity: sha512-72fSenhMw2HZMTVHeCA9KCmpEIbzWiQsjN+BHcBbS9vr1mtt+vJjPdksIBNUmKAW8TFUDPJK5SUU3QhE9NEXDw==}

  color-name@1.1.4:
    resolution: {integrity: sha512-dOy+3AuW3a2wNbZHIuMZpTcgjGuLU/uBL/ubcZF9OXbDo8ff4O8yVp5Bf0efS8uEoYo5q4Fx7dY9OgQGXgAsQA==}

  command-line-args@5.2.1:
    resolution: {integrity: sha512-H4UfQhZyakIjC74I9d34fGYDwk3XpSr17QhEd0Q3I9Xq1CETHo4Hcuo87WyWHpAF1aSLjLRf5lD9ZGX2qStUvg==}
    engines: {node: '>=4.0.0'}

  command-line-usage@6.1.3:
    resolution: {integrity: sha512-sH5ZSPr+7UStsloltmDh7Ce5fb8XPlHyoPzTpyyMuYCtervL65+ubVZ6Q61cFtFl62UyJlc8/JwERRbAFPUqgw==}
    engines: {node: '>=8.0.0'}

  concat-map@0.0.1:
    resolution: {integrity: sha512-/Srv4dswyQNBfohGpz9o6Yb3Gz3SrUDqBH5rTuhGR7ahtlbYKnVxw2bCFMRljaA7EXHaXZ8wsHdodFvbkhKmqg==}

  decompress-response@6.0.0:
    resolution: {integrity: sha512-aW35yZM6Bb/4oJlZncMH2LCoZtJXTRxES17vE3hoRiowU2kWHaJKFkSBDnDR+cm9J+9QhXmREyIfv0pji9ejCQ==}
    engines: {node: '>=10'}

  deep-extend@0.6.0:
    resolution: {integrity: sha512-LOHxIOaPYdHlJRtCQfDIVZtfw/ufM8+rVj649RIHzcm/vGwQRXFt6OPqIFWsm2XEMrNIEtWR64sY1LEKD2vAOA==}
    engines: {node: '>=4.0.0'}

  detect-libc@2.0.3:
    resolution: {integrity: sha512-bwy0MGW55bG41VqxxypOsdSdGqLwXPI/focwgTYCFMbdUiBAxLg9CFzG08sz2aqzknwiX7Hkl0bQENjg8iLByw==}
    engines: {node: '>=8'}

  diff@3.5.0:
    resolution: {integrity: sha512-A46qtFgd+g7pDZinpnwiRJtxbC1hpgf0uzP3iG89scHk0AUC7A1TGxf5OiiOUv/JMZR8GOt8hL900hV0bOy5xA==}
    engines: {node: '>=0.3.1'}

  dotenv-expand@11.0.6:
    resolution: {integrity: sha512-8NHi73otpWsZGBSZwwknTXS5pqMOrk9+Ssrna8xCaxkzEpU9OTf9R5ArQGVw03//Zmk9MOwLPng9WwndvpAJ5g==}
    engines: {node: '>=12'}

  dotenv@16.4.5:
    resolution: {integrity: sha512-ZmdL2rui+eB2YwhsWzjInR8LldtZHGDoQ1ugH85ppHKwpUHL7j7rN0Ti9NCnGiQbhaZ11FpR+7ao1dNsmduNUg==}
    engines: {node: '>=12'}

  end-of-stream@1.4.4:
    resolution: {integrity: sha512-+uw1inIHVPQoaVuHzRyXd21icM+cnt4CzD5rW+NC1wjOUSTOs+Te7FOv7AhN7vS9x/oIyhLP5PR1H+phQAHu5Q==}

  escape-string-regexp@1.0.5:
    resolution: {integrity: sha512-vbRorB5FUQWvla16U8R/qgaFIya2qGzwDrNmCZuYKrbdSUMG6I1ZCGQRefkRVhuOkIGVne7BQ35DSfo1qvJqFg==}
    engines: {node: '>=0.8.0'}

  expand-template@2.0.3:
    resolution: {integrity: sha512-XYfuKMvj4O35f/pOXLObndIRvyQ+/+6AhODh+OKWj9S9498pHHn/IMszH+gt0fBCRWMNfk1ZSp5x3AifmnI2vg==}
    engines: {node: '>=6'}

  feed@4.2.2:
    resolution: {integrity: sha512-u5/sxGfiMfZNtJ3OvQpXcvotFpYkL0n9u9mM2vkui2nGo8b4wvDkJ8gAkYqbA8QpGyFCv3RK0Z+Iv+9veCS9bQ==}
    engines: {node: '>=0.4.0'}

  file-uri-to-path@1.0.0:
    resolution: {integrity: sha512-0Zt+s3L7Vf1biwWZ29aARiVYLx7iMGnEUl9x33fbB/j3jR81u/O2LbqK+Bm1CDSNDKVtJ/YjwY7TUd5SkeLQLw==}

  fill-range@7.1.1:
    resolution: {integrity: sha512-YsGpe3WHLK8ZYi4tWDg2Jy3ebRz2rXowDxnld4bkQB00cc/1Zw9AWnC0i9ztDJitivtQvaI9KaLyKrc+hBW0yg==}
    engines: {node: '>=8'}

  find-replace@3.0.0:
    resolution: {integrity: sha512-6Tb2myMioCAgv5kfvP5/PkZZ/ntTpVK39fHY7WkWBgvbeE+VHd/tZuZ4mrC+bxh4cfOZeYKVPaJIZtZXV7GNCQ==}
    engines: {node: '>=4.0.0'}

  fs-constants@1.0.0:
    resolution: {integrity: sha512-y6OAwoSIf7FyjMIv94u+b5rdheZEjzR63GTyZJm5qh4Bi+2YgwLCcI/fPFZkL5PSixOt6ZNKm+w+Hfp/Bciwow==}

  fs.realpath@1.0.0:
    resolution: {integrity: sha512-OO0pH2lK6a0hZnAdau5ItzHPI6pUlvI7jMVnxUQRtw4owF2wk8lOSabtGDCTP4Ggrg2MbGnWO9X8K1t4+fGMDw==}

  fsxt@15.2.0:
    resolution: {integrity: sha512-bgi5Df9/k8Sob3N6o7GCf/j6qNBe+qjRHnQ5Ru617YytRj+zN8fZcpFKqO6rO6B6dPK6w7k2H3nKbunVXuYeOQ==}
    engines: {node: '>=16'}

  function-bind@1.1.2:
    resolution: {integrity: sha512-7XHNxH7qX9xG5mIwxkhumTox/MIRNcOgDrxWsMt2pAr23WHp6MrRlN7FBSFpCpr+oVO0F744iUgR82nJMfG2SA==}

  git-diff@2.0.6:
    resolution: {integrity: sha512-/Iu4prUrydE3Pb3lCBMbcSNIf81tgGt0W1ZwknnyF62t3tHmtiJTRj0f+1ZIhp3+Rh0ktz1pJVoa7ZXUCskivA==}
    engines: {node: '>= 4.8.0'}

  github-from-package@0.0.0:
    resolution: {integrity: sha512-SyHy3T1v2NUXn29OsWdxmK6RwHD+vkj3v8en8AOBZ1wBQ/hCAQ5bAQTD02kW4W9tUp/3Qh6J8r9EvntiyCmOOw==}

  glob@7.2.3:
    resolution: {integrity: sha512-nFR0zLpU2YCaRxwoCJvL6UvCH2JFyFVIvwTLsIf21AuHlMskA1hhTdk+LlYJtOlYt9v6dvszD2BGRqBL+iQK9Q==}
    deprecated: Glob versions prior to v9 are no longer supported

  has-flag@3.0.0:
    resolution: {integrity: sha512-sKJf1+ceQBr4SMkvQnBDNDtf4TXpVhVGateu0t918bl30FnbE2m4vNLX+VWe/dpjlb+HugGYzW7uQXH98HPEYw==}
    engines: {node: '>=4'}

  has-flag@4.0.0:
    resolution: {integrity: sha512-EykJT/Q1KjTWctppgIAgfSO0tKVuZUjhgMr17kqTumMl6Afv3EISleU7qZUzoXDFTAHTDC4NOoG/ZxU3EvlMPQ==}
    engines: {node: '>=8'}

  hasown@2.0.2:
    resolution: {integrity: sha512-0hJU9SCPvmMzIBdZFqNPXWa6dqh7WdH0cII9y+CyS8rG3nL48Bclra9HmKhVVUHyPWNH5Y7xDwAB7bfgSjkUMQ==}
    engines: {node: '>= 0.4'}

  ieee754@1.2.1:
    resolution: {integrity: sha512-dcyqhDvX1C46lXZcVqCpK+FtMRQVdIMN6/Df5js2zouUsqG7I6sFxitIC+7KYK29KdXOLHdu9zL4sFnoVQnqaA==}

  inflight@1.0.6:
    resolution: {integrity: sha512-k92I/b08q4wvFscXCLvqfsHCrjrF7yiXsQuIVvVE7N82W3+aqpzuUdBbfhWcy/FZR3/4IgflMgKLOsvPDrGCJA==}
    deprecated: This module is not supported, and leaks memory. Do not use it. Check out lru-cache if you want a good and tested way to coalesce async requests by a key value, which is much more comprehensive and powerful.

  inherits@2.0.4:
    resolution: {integrity: sha512-k/vGaX4/Yla3WzyMCvTQOXYeIHvqOKtnqBduzTHpzpQZzAskKMhZ2K+EnBiSM9zGSoIFeMpXKxa4dYeZIQqewQ==}

  ini@1.3.8:
    resolution: {integrity: sha512-JV/yugV2uzW5iMRSiZAyDtQd+nxtUnjeLt0acNdw98kKLrvuRVyB80tsREOE7yvGVgalhZ6RNXCmEHkUKBKxew==}

  interpret@1.4.0:
    resolution: {integrity: sha512-agE4QfB2Lkp9uICn7BAqoscw4SZP9kTE2hxiFI3jBPmXJfdqiahTbUuKGsMoN2GtqL9AxhYioAcVvgsb1HvRbA==}
    engines: {node: '>= 0.10'}

  is-core-module@2.15.1:
    resolution: {integrity: sha512-z0vtXSwucUJtANQWldhbtbt7BnL0vxiFjIdDLAatwhDYty2bad6s+rijD6Ri4YuYJubLzIJLUidCh09e1djEVQ==}
    engines: {node: '>= 0.4'}

  is-number@7.0.0:
    resolution: {integrity: sha512-41Cifkg6e8TylSpdtTpeLVMqvSBEVzTttHvERD741+pnZ8ANv0004MRL43QKPDlK9cGvNp6NZWZUBlbGXYxxng==}
    engines: {node: '>=0.12.0'}

  kysely-codegen@0.17.0:
    resolution: {integrity: sha512-C36g6epial8cIOSBEWGI9sRfkKSsEzTcivhjPivtYFQnhMdXnrVFaUe7UMZHeSdXaHiWDqDOkReJgWLD8nPKdg==}
    hasBin: true
    peerDependencies:
      '@libsql/kysely-libsql': ^0.3.0
      '@tediousjs/connection-string': ^0.5.0
      better-sqlite3: '>=7.6.2'
      kysely: ^0.27.0
      kysely-bun-sqlite: ^0.3.2
      kysely-bun-worker: ^0.5.3
      mysql2: ^2.3.3 || ^3.0.0
      pg: ^8.8.0
      tarn: ^3.0.0
      tedious: ^18.0.0
    peerDependenciesMeta:
      '@libsql/kysely-libsql':
        optional: true
      '@tediousjs/connection-string':
        optional: true
      better-sqlite3:
        optional: true
      kysely-bun-sqlite:
        optional: true
      kysely-bun-worker:
        optional: true
      mysql2:
        optional: true
      pg:
        optional: true
      tarn:
        optional: true
      tedious:
        optional: true

  kysely@0.27.4:
    resolution: {integrity: sha512-dyNKv2KRvYOQPLCAOCjjQuCk4YFd33BvGdf/o5bC7FiW+BB6snA81Zt+2wT9QDFzKqxKa5rrOmvlK/anehCcgA==}
    engines: {node: '>=14.0.0'}

  lodash.camelcase@4.3.0:
    resolution: {integrity: sha512-TwuEnCnxbc3rAvhf/LbG7tJUDzhqXyFnv3dtzLOPgCG/hODL7WFnsbwktkD7yUV0RrreP/l1PALq/YSg6VvjlA==}

  loglevel@1.9.2:
    resolution: {integrity: sha512-HgMmCqIJSAKqo68l0rS2AanEWfkxaZ5wNiEFb5ggm08lDs9Xl2KxBlX3PTcaD2chBM1gXAYf491/M2Rv8Jwayg==}
    engines: {node: '>= 0.6.0'}

  micromatch@4.0.8:
    resolution: {integrity: sha512-PXwfBhYu0hBCPw8Dn0E+WDYb7af3dSLVWKi3HGv84IdF4TyFoC0ysxFd0Goxw7nSv4T/PzEJQxsYsEiFCKo2BA==}
    engines: {node: '>=8.6'}

  mimic-response@3.1.0:
    resolution: {integrity: sha512-z0yWI+4FDrrweS8Zmt4Ej5HdJmky15+L2e6Wgn3+iK5fWzb6T3fhNFq2+MeTRb064c6Wr4N/wv0DzQTjNzHNGQ==}
    engines: {node: '>=10'}

  minimatch@3.1.2:
    resolution: {integrity: sha512-J7p63hRiAjw1NDEww1W7i37+ByIrOWO5XQQAzZ3VOcL0PNybwpfmV/N05zFAzwQ9USyEcX6t3UO+K5aqBQOIHw==}

  minimist@1.2.8:
    resolution: {integrity: sha512-2yyAR8qBkN3YuheJanUpWC5U3bb5osDywNB8RzDVlDwDHbocAJveqqj1u8+SVD7jkWT4yvsHCpWqqWqAxb0zCA==}

  mkdirp-classic@0.5.3:
    resolution: {integrity: sha512-gKLcREMhtuZRwRAfqP3RFW+TK4JqApVBtOIftVgjuABpAtpxhPGaDcfvbhNvD0B8iD1oUr/txX35NjcaY6Ns/A==}

  napi-build-utils@1.0.2:
    resolution: {integrity: sha512-ONmRUqK7zj7DWX0D9ADe03wbwOBZxNAfF20PlGfCWQcD3+/MakShIHrMqx9YwPTfxDdF1zLeL+RGZiR9kGMLdg==}

  node-abi@3.71.0:
    resolution: {integrity: sha512-SZ40vRiy/+wRTf21hxkkEjPJZpARzUMVcJoQse2EF8qkUWbbO2z7vd5oA/H6bVH6SZQ5STGcu0KRDS7biNRfxw==}
    engines: {node: '>=10'}

  once@1.4.0:
    resolution: {integrity: sha512-lNaJgI+2Q5URQBkccEKHTQOPaXdUxnZZElQTZY0MFUAuaEqe1E+Nyvgdz/aIyNi6Z9MzO5dv1H8n58/GELp3+w==}

  path-is-absolute@1.0.1:
    resolution: {integrity: sha512-AVbw3UJ2e9bq64vSaS9Am0fje1Pa8pbGqTTsmXfaIiMpnr5DlDhfJOuLj9Sf95ZPVDAUerDfEk88MPmPe7UCQg==}
    engines: {node: '>=0.10.0'}

  path-parse@1.0.7:
    resolution: {integrity: sha512-LDJzPVEEEPR+y48z93A0Ed0yXb8pAByGWo/k5YYdYgpY2/2EsOsksJrq7lOHxryrVOn1ejG6oAp8ahvOIQD8sw==}

  picomatch@2.3.1:
    resolution: {integrity: sha512-JU3teHTNjmE2VCGFzuY8EXzCDVwEqB2a8fsIvwaStHhAWJEeVd1o1QD80CU6+ZdEXXSLbSsuLwJjkCBWqRQUVA==}
    engines: {node: '>=8.6'}

  pluralize@8.0.0:
    resolution: {integrity: sha512-Nc3IT5yHzflTfbjgqWcCPpo7DaKy4FnpB0l/zCAW0Tc7jxAiuqSxHasntB3D7887LSrA93kDJ9IXovxJYxyLCA==}
    engines: {node: '>=4'}

  prebuild-install@7.1.2:
    resolution: {integrity: sha512-UnNke3IQb6sgarcZIDU3gbMeTp/9SSU1DAIkil7PrqG1vZlBtY5msYccSKSHDqa3hNg436IXK+SNImReuA1wEQ==}
    engines: {node: '>=10'}
    hasBin: true

  pump@3.0.2:
    resolution: {integrity: sha512-tUPXtzlGM8FE3P0ZL6DVs/3P58k9nk8/jZeQCurTJylQA8qFYzHFfhBJkuqyE0FifOsQ0uKWekiZ5g8wtr28cw==}

  rc@1.2.8:
    resolution: {integrity: sha512-y3bGgqKj3QBdxLbLkomlohkvsA8gdAiUQlSBJnBhfn+BPxg4bc62d8TcBW15wavDfgexCgccckhcZvywyQYPOw==}
    hasBin: true

  readable-stream@3.6.2:
    resolution: {integrity: sha512-9u/sniCrY3D5WdsERHzHE4G2YCXqoG5FTHUiCC4SIbr6XcLZBY05ya9EKjYek9O5xOAwjGq+1JdGBAS7Q9ScoA==}
    engines: {node: '>= 6'}

  rechoir@0.6.2:
    resolution: {integrity: sha512-HFM8rkZ+i3zrV+4LQjwQ0W+ez98pApMGM3HUrN04j3CqzPOzl9nmP15Y8YXNm8QHGv/eacOVEjqhmWpkRV0NAw==}
    engines: {node: '>= 0.10'}

  reduce-flatten@2.0.0:
    resolution: {integrity: sha512-EJ4UNY/U1t2P/2k6oqotuX2Cc3T6nxJwsM0N0asT7dhrtH1ltUxDn4NalSYmPE2rCkVpcf/X6R0wDwcFpzhd4w==}
    engines: {node: '>=6'}

  resolve@1.22.8:
    resolution: {integrity: sha512-oKWePCxqpd6FlLvGV1VU0x7bkPmmCNolxzjMf4NczoDnQcIWrAF+cPtZn5i6n+RfD2d9i0tzpKnG6Yk168yIyw==}
    hasBin: true

  safe-buffer@5.2.1:
    resolution: {integrity: sha512-rp3So07KcdmmKbGvgaNxQSJr7bGVSVk5S9Eq1F+ppbRo70+YeaDxkw5Dd8NPN+GD6bjnYm2VuPuCXmpuYvmCXQ==}

  sax@1.4.1:
    resolution: {integrity: sha512-+aWOz7yVScEGoKNd4PA10LZ8sk0A/z5+nXQG5giUO5rprX9jgYsTdov9qCchZiPIZezbZH+jRut8nPodFAX4Jg==}

  semver@7.6.3:
    resolution: {integrity: sha512-oVekP1cKtI+CTDvHWYFUcMtsK/00wmAEfyqKfNdARm8u1wNVhSgaX7A8d4UuIlUI5e84iEwOhs7ZPYRmzU9U6A==}
    engines: {node: '>=10'}
    hasBin: true

  shelljs.exec@1.1.8:
    resolution: {integrity: sha512-vFILCw+lzUtiwBAHV8/Ex8JsFjelFMdhONIsgKNLgTzeRckp2AOYRQtHJE/9LhNvdMmE27AGtzWx0+DHpwIwSw==}
    engines: {node: '>= 4.0.0'}

  shelljs@0.8.5:
    resolution: {integrity: sha512-TiwcRcrkhHvbrZbnRcFYMLl30Dfov3HKqzp5tO5b4pt6G/SezKcYhmDg15zXVBswHmctSAQKznqNW2LO5tTDow==}
    engines: {node: '>=4'}
    hasBin: true

  simple-concat@1.0.1:
    resolution: {integrity: sha512-cSFtAPtRhljv69IK0hTVZQ+OfE9nePi/rtJmw5UjHeVyVroEqJXP1sFztKUy1qU+xvz3u/sfYJLa947b7nAN2Q==}

  simple-get@4.0.1:
    resolution: {integrity: sha512-brv7p5WgH0jmQJr1ZDDfKDOSeWWg+OVypG99A/5vYGPqJ6pxiaHLy8nxtFjBA7oMa01ebA9gfh1uMCFqOuXxvA==}

  string-format@2.0.0:
    resolution: {integrity: sha512-bbEs3scLeYNXLecRRuk6uJxdXUSj6le/8rNPHChIJTn2V79aXVTR1EH2OH5zLKKoz0V02fOUKZZcw01pLUShZA==}

  string_decoder@1.3.0:
    resolution: {integrity: sha512-hkRX8U1WjJFd8LsDJ2yQ/wWWxaopEsABU1XfkM8A+j0+85JAGppt16cr1Whg6KIbb4okU6Mql6BOj+uup/wKeA==}

  strip-json-comments@2.0.1:
    resolution: {integrity: sha512-4gB8na07fecVVkOI6Rs4e7T6NOTki5EmL7TUduTs6bu3EdnSycntVJ4re8kgZA+wx9IueI2Y11bfbgwtzuE0KQ==}
    engines: {node: '>=0.10.0'}

  supports-color@5.5.0:
    resolution: {integrity: sha512-QjVjwdXIt408MIiAqCX4oUKsgU2EqAGzs2Ppkm4aQYbjm+ZEWEcW4SfFNTr4uMNZma0ey4f5lgLrkB0aX0QMow==}
    engines: {node: '>=4'}

  supports-color@7.2.0:
    resolution: {integrity: sha512-qpCAvRl9stuOHveKsn7HncJRvv501qIacKzQlO/+Lwxc9+0q2wLyv4Dfvt80/DPn2pqOBsJdDiogXGR9+OvwRw==}
    engines: {node: '>=8'}

  supports-preserve-symlinks-flag@1.0.0:
    resolution: {integrity: sha512-ot0WnXS9fgdkgIcePe6RHNk1WA8+muPa6cSjeR3V8K27q9BB1rTE3R1p7Hv0z1ZyAc8s6Vvv8DIyWf681MAt0w==}
    engines: {node: '>= 0.4'}

  table-layout@1.0.2:
    resolution: {integrity: sha512-qd/R7n5rQTRFi+Zf2sk5XVVd9UQl6ZkduPFC3S7WEGJAmetDTjY3qPN50eSKzwuzEyQKy5TN2TiZdkIjos2L6A==}
    engines: {node: '>=8.0.0'}

  tar-fs@2.1.1:
    resolution: {integrity: sha512-V0r2Y9scmbDRLCNex/+hYzvp/zyYjvFbHPNgVTKfQvVrb6guiE/fxP+XblDNR011utopbkex2nM4dHNV6GDsng==}

  tar-stream@2.2.0:
    resolution: {integrity: sha512-ujeqbceABgwMZxEJnk2HDY2DlnUZ+9oEcb1KzTVfYHio0UE6dG71n60d8D2I4qNvleWrrXpmjpt7vZeF1LnMZQ==}
    engines: {node: '>=6'}

  to-regex-range@5.0.1:
    resolution: {integrity: sha512-65P7iz6X5yEr1cwcgvQxbbIw7Uk3gOy5dIdtZ4rDveLqhrdJP+Li/Hx6tyK0NEb+2GCyneCMJiGqrADCSNk8sQ==}
    engines: {node: '>=8.0'}

  ts-command-line-args@2.5.1:
    resolution: {integrity: sha512-H69ZwTw3rFHb5WYpQya40YAX2/w7Ut75uUECbgBIsLmM+BNuYnxsltfyyLMxy6sEeKxgijLTnQtLd0nKd6+IYw==}
    hasBin: true

  tunnel-agent@0.6.0:
    resolution: {integrity: sha512-McnNiV1l8RYeY8tBgEpuodCC1mLUdbSN+CYBL7kJsJNInOP8UjDDEwdk6Mw60vdLLrr5NHKZhMAOSrR2NZuQ+w==}

  typical@4.0.0:
    resolution: {integrity: sha512-VAH4IvQ7BDFYglMd7BPRDfLgxZZX4O4TFcRDA6EN5X7erNJJq+McIEp8np9aVtxrCJ6qx4GTYVfOWNjcqwZgRw==}
    engines: {node: '>=8'}

  typical@5.2.0:
    resolution: {integrity: sha512-dvdQgNDNJo+8B2uBQoqdb11eUCE1JQXhvjC/CZtgvZseVd5TYMXnq0+vuUemXbd/Se29cTaUuPX3YIc2xgbvIg==}
    engines: {node: '>=8'}

  undici-types@6.19.8:
    resolution: {integrity: sha512-ve2KP6f/JnbPBFyobGHuerC9g1FYGn/F8n1LWTwNxCEzd6IfqTwUQcNXgEtmmQ6DlRrC1hrSrBnCZPokRrDHjw==}

  util-deprecate@1.0.2:
    resolution: {integrity: sha512-EPD5q1uXyFxJpCrLnCc1nHnq3gOa6DZBocAIiI2TaSCA7VCJ1UJDMagCzIkXNsUYfD1daK//LTEQ8xiIbrHtcw==}

  wordwrapjs@4.0.1:
    resolution: {integrity: sha512-kKlNACbvHrkpIw6oPeYDSmdCTu2hdMHoyXLTcUKala++lx5Y+wjJ/e474Jqv5abnVmwxw08DiTuHmw69lJGksA==}
    engines: {node: '>=8.0.0'}

  wrappy@1.0.2:
    resolution: {integrity: sha512-l4Sp/DRseor9wL6EvV2+TuQn63dMkPjZ/sp9XkghTEbV9KlPS1xUsZ3u7/IQO4wxtcFB4bgpQPRcR3QCvezPcQ==}

  xml-js@1.6.11:
    resolution: {integrity: sha512-7rVi2KMfwfWFl+GpPg6m80IVMWXLRjO+PxTq7V2CDhoGak0wzYzFgUY2m4XJ47OGdXd8eLE8EmwfAmdjw7lC1g==}
    hasBin: true

snapshots:

  '@types/better-sqlite3@7.6.11':
    dependencies:
      '@types/node': 22.8.1

  '@types/node@22.8.1':
    dependencies:
      undici-types: 6.19.8

  ansi-styles@3.2.1:
    dependencies:
      color-convert: 1.9.3

  ansi-styles@4.3.0:
    dependencies:
      color-convert: 2.0.1

  array-back@3.1.0: {}

  array-back@4.0.2: {}

  balanced-match@1.0.2: {}

  base64-js@1.5.1: {}

  better-sqlite3@11.5.0:
    dependencies:
      bindings: 1.5.0
      prebuild-install: 7.1.2

  bindings@1.5.0:
    dependencies:
      file-uri-to-path: 1.0.0

  bl@4.1.0:
    dependencies:
      buffer: 5.7.1
      inherits: 2.0.4
      readable-stream: 3.6.2

  brace-expansion@1.1.11:
    dependencies:
      balanced-match: 1.0.2
      concat-map: 0.0.1

  braces@3.0.3:
    dependencies:
      fill-range: 7.1.1

  buffer@5.7.1:
    dependencies:
      base64-js: 1.5.1
      ieee754: 1.2.1

  chalk@2.4.2:
    dependencies:
      ansi-styles: 3.2.1
      escape-string-regexp: 1.0.5
      supports-color: 5.5.0

  chalk@4.1.2:
    dependencies:
      ansi-styles: 4.3.0
      supports-color: 7.2.0

  chownr@1.1.4: {}

  color-convert@1.9.3:
    dependencies:
      color-name: 1.1.3

  color-convert@2.0.1:
    dependencies:
      color-name: 1.1.4

  color-name@1.1.3: {}

  color-name@1.1.4: {}

  command-line-args@5.2.1:
    dependencies:
      array-back: 3.1.0
      find-replace: 3.0.0
      lodash.camelcase: 4.3.0
      typical: 4.0.0

  command-line-usage@6.1.3:
    dependencies:
      array-back: 4.0.2
      chalk: 2.4.2
      table-layout: 1.0.2
      typical: 5.2.0

  concat-map@0.0.1: {}

  decompress-response@6.0.0:
    dependencies:
      mimic-response: 3.1.0

  deep-extend@0.6.0: {}

  detect-libc@2.0.3: {}

  diff@3.5.0: {}

  dotenv-expand@11.0.6:
    dependencies:
      dotenv: 16.4.5

  dotenv@16.4.5: {}

  end-of-stream@1.4.4:
    dependencies:
      once: 1.4.0

  escape-string-regexp@1.0.5: {}

  expand-template@2.0.3: {}

  feed@4.2.2:
    dependencies:
      xml-js: 1.6.11

  file-uri-to-path@1.0.0: {}

  fill-range@7.1.1:
    dependencies:
      to-regex-range: 5.0.1

  find-replace@3.0.0:
    dependencies:
      array-back: 3.1.0

  fs-constants@1.0.0: {}

  fs.realpath@1.0.0: {}

  fsxt@15.2.0: {}

  function-bind@1.1.2: {}

  git-diff@2.0.6:
    dependencies:
      chalk: 2.4.2
      diff: 3.5.0
      loglevel: 1.9.2
      shelljs: 0.8.5
      shelljs.exec: 1.1.8

  github-from-package@0.0.0: {}

  glob@7.2.3:
    dependencies:
      fs.realpath: 1.0.0
      inflight: 1.0.6
      inherits: 2.0.4
      minimatch: 3.1.2
      once: 1.4.0
      path-is-absolute: 1.0.1

  has-flag@3.0.0: {}

  has-flag@4.0.0: {}

  hasown@2.0.2:
    dependencies:
      function-bind: 1.1.2

  ieee754@1.2.1: {}

  inflight@1.0.6:
    dependencies:
      once: 1.4.0
      wrappy: 1.0.2

  inherits@2.0.4: {}

  ini@1.3.8: {}

  interpret@1.4.0: {}

  is-core-module@2.15.1:
    dependencies:
      hasown: 2.0.2

  is-number@7.0.0: {}

  kysely-codegen@0.17.0(better-sqlite3@11.5.0)(kysely@0.27.4):
    dependencies:
      chalk: 4.1.2
      dotenv: 16.4.5
      dotenv-expand: 11.0.6
      git-diff: 2.0.6
      kysely: 0.27.4
      micromatch: 4.0.8
      minimist: 1.2.8
      pluralize: 8.0.0
    optionalDependencies:
      better-sqlite3: 11.5.0

  kysely@0.27.4: {}

  lodash.camelcase@4.3.0: {}

  loglevel@1.9.2: {}

  micromatch@4.0.8:
    dependencies:
      braces: 3.0.3
      picomatch: 2.3.1

  mimic-response@3.1.0: {}

  minimatch@3.1.2:
    dependencies:
      brace-expansion: 1.1.11

  minimist@1.2.8: {}

  mkdirp-classic@0.5.3: {}

  napi-build-utils@1.0.2: {}

  node-abi@3.71.0:
    dependencies:
      semver: 7.6.3

  once@1.4.0:
    dependencies:
      wrappy: 1.0.2

  path-is-absolute@1.0.1: {}

  path-parse@1.0.7: {}

  picomatch@2.3.1: {}

  pluralize@8.0.0: {}

  prebuild-install@7.1.2:
    dependencies:
      detect-libc: 2.0.3
      expand-template: 2.0.3
      github-from-package: 0.0.0
      minimist: 1.2.8
      mkdirp-classic: 0.5.3
      napi-build-utils: 1.0.2
      node-abi: 3.71.0
      pump: 3.0.2
      rc: 1.2.8
      simple-get: 4.0.1
      tar-fs: 2.1.1
      tunnel-agent: 0.6.0

  pump@3.0.2:
    dependencies:
      end-of-stream: 1.4.4
      once: 1.4.0

  rc@1.2.8:
    dependencies:
      deep-extend: 0.6.0
      ini: 1.3.8
      minimist: 1.2.8
      strip-json-comments: 2.0.1

  readable-stream@3.6.2:
    dependencies:
      inherits: 2.0.4
      string_decoder: 1.3.0
      util-deprecate: 1.0.2

  rechoir@0.6.2:
    dependencies:
      resolve: 1.22.8

  reduce-flatten@2.0.0: {}

  resolve@1.22.8:
    dependencies:
      is-core-module: 2.15.1
      path-parse: 1.0.7
      supports-preserve-symlinks-flag: 1.0.0

  safe-buffer@5.2.1: {}

  sax@1.4.1: {}

  semver@7.6.3: {}

  shelljs.exec@1.1.8: {}

  shelljs@0.8.5:
    dependencies:
      glob: 7.2.3
      interpret: 1.4.0
      rechoir: 0.6.2

  simple-concat@1.0.1: {}

  simple-get@4.0.1:
    dependencies:
      decompress-response: 6.0.0
      once: 1.4.0
      simple-concat: 1.0.1

  string-format@2.0.0: {}

  string_decoder@1.3.0:
    dependencies:
      safe-buffer: 5.2.1

  strip-json-comments@2.0.1: {}

  supports-color@5.5.0:
    dependencies:
      has-flag: 3.0.0

  supports-color@7.2.0:
    dependencies:
      has-flag: 4.0.0

  supports-preserve-symlinks-flag@1.0.0: {}

  table-layout@1.0.2:
    dependencies:
      array-back: 4.0.2
      deep-extend: 0.6.0
      typical: 5.2.0
      wordwrapjs: 4.0.1

  tar-fs@2.1.1:
    dependencies:
      chownr: 1.1.4
      mkdirp-classic: 0.5.3
      pump: 3.0.2
      tar-stream: 2.2.0

  tar-stream@2.2.0:
    dependencies:
      bl: 4.1.0
      end-of-stream: 1.4.4
      fs-constants: 1.0.0
      inherits: 2.0.4
      readable-stream: 3.6.2

  to-regex-range@5.0.1:
    dependencies:
      is-number: 7.0.0

  ts-command-line-args@2.5.1:
    dependencies:
      chalk: 4.1.2
      command-line-args: 5.2.1
      command-line-usage: 6.1.3
      string-format: 2.0.0

  tunnel-agent@0.6.0:
    dependencies:
      safe-buffer: 5.2.1

  typical@4.0.0: {}

  typical@5.2.0: {}

  undici-types@6.19.8: {}

  util-deprecate@1.0.2: {}

  wordwrapjs@4.0.1:
    dependencies:
      reduce-flatten: 2.0.0
      typical: 5.2.0

  wrappy@1.0.2: {}

  xml-js@1.6.11:
    dependencies:
      sax: 1.4.1
